
Microsoft Visual Studio Solution File, Format Version 12.00
# Visual Studio Version 16
VisualStudioVersion = 16.0.30309.148
MinimumVisualStudioVersion = 10.0.40219.1
Project("{FAE04EC0-301F-11D3-BF4B-00C04F79EFBC}") = "ImageMosaic", "ImageMosaic\ImageMosaic.csproj", "{96A5AF8C-AE15-4020-AC8C-B42D1F3CC4BA}"
EndProject
Project("{FAE04EC0-301F-11D3-BF4B-00C04F79EFBC}") = "ImageMosaic.Tests", "ImageMosaic.Tests\ImageMosaic.Tests.csproj", "{4A66E16A-9E09-41E5-93B1-ABEE53D359A5}"
EndProject
Global
	GlobalSection(SolutionConfigurationPlatforms) = preSolution
		Debug|Any CPU = Debug|Any CPU
		Release|Any CPU = Release|Any CPU
	EndGlobalSection
	GlobalSection(ProjectConfigurationPlatforms) = postSolution
		{96A5AF8C-AE15-4020-AC8C-B42D1F3CC4BA}.Debug|Any CPU.ActiveCfg = Debug|Any CPU
		{96A5AF8C-AE15-4020-AC8C-B42D1F3CC4BA}.Debug|Any CPU.Build.0 = Debug|Any CPU
		{96A5AF8C-AE15-4020-AC8C-B42D1F3CC4BA}.Release|Any CPU.ActiveCfg = Release|Any CPU
		{96A5AF8C-AE15-4020-AC8C-B42D1F3CC4BA}.Release|Any CPU.Build.0 = Release|Any CPU
		{4A66E16A-9E09-41E5-93B1-ABEE53D359A5}.Debug|Any CPU.ActiveCfg = Debug|Any CPU
		{4A66E16A-9E09-41E5-93B1-ABEE53D359A5}.Debug|Any CPU.Build.0 = Debug|Any CPU
		{4A66E16A-9E09-41E5-93B1-ABEE53D359A5}.Release|Any CPU.ActiveCfg = Release|Any CPU
		{4A66E16A-9E09-41E5-93B1-ABEE53D359A5}.Release|Any CPU.Build.0 = Release|Any CPU
	EndGlobalSection
	GlobalSection(SolutionProperties) = preSolution
		HideSolutionNode = FALSE
	EndGlobalSection
	GlobalSection(ExtensibilityGlobals) = postSolution
		SolutionGuid = {296D45EA-2257-41B0-BD83-6B455D68D276}
	EndGlobalSection
EndGlobal
